// !$*UTF8*$!
{
	archiveVersion = 1;
	classes = {
	};
	objectVersion = 50;
	objects = {

/* Begin PBXBuildFile section */
		C354068921418AA400FDA074 /* AppDelegate.swift in Sources */ = {isa = PBXBuildFile; fileRef = C354068821418AA400FDA074 /* AppDelegate.swift */; };
		C354068E21418AA400FDA074 /* Main.storyboard in Resources */ = {isa = PBXBuildFile; fileRef = C354068C21418AA400FDA074 /* Main.storyboard */; };
		C354069021418AAF00FDA074 /* Assets.xcassets in Resources */ = {isa = PBXBuildFile; fileRef = C354068F21418AAF00FDA074 /* Assets.xcassets */; };
		C354069321418AAF00FDA074 /* LaunchScreen.storyboard in Resources */ = {isa = PBXBuildFile; fileRef = C354069121418AAF00FDA074 /* LaunchScreen.storyboard */; };
		C354069D21418FFB00FDA074 /* MapView.storyboard in Resources */ = {isa = PBXBuildFile; fileRef = C354069C21418FFB00FDA074 /* MapView.storyboard */; };
		C35406A02141910000FDA074 /* PlacesTable.storyboard in Resources */ = {isa = PBXBuildFile; fileRef = C354069F2141910000FDA074 /* PlacesTable.storyboard */; };
/* End PBXBuildFile section */

/* Begin PBXFileReference section */
		C354068521418AA300FDA074 /* Places 2.app */ = {isa = PBXFileReference; explicitFileType = wrapper.application; includeInIndex = 0; path = "Places 2.app"; sourceTree = BUILT_PRODUCTS_DIR; };
		C354068821418AA400FDA074 /* AppDelegate.swift */ = {isa = PBXFileReference; lastKnownFileType = sourcecode.swift; path = AppDelegate.swift; sourceTree = "<group>"; };
		C354068D21418AA400FDA074 /* Base */ = {isa = PBXFileReference; lastKnownFileType = file.storyboard; name = Base; path = Base.lproj/Main.storyboard; sourceTree = "<group>"; };
		C354068F21418AAF00FDA074 /* Assets.xcassets */ = {isa = PBXFileReference; lastKnownFileType = folder.assetcatalog; path = Assets.xcassets; sourceTree = "<group>"; };
		C354069221418AAF00FDA074 /* Base */ = {isa = PBXFileReference; lastKnownFileType = file.storyboard; name = Base; path = Base.lproj/LaunchScreen.storyboard; sourceTree = "<group>"; };
		C354069421418AAF00FDA074 /* Info.plist */ = {isa = PBXFileReference; lastKnownFileType = text.plist.xml; path = Info.plist; sourceTree = "<group>"; };
		C354069C21418FFB00FDA074 /* MapView.storyboard */ = {isa = PBXFileReference; lastKnownFileType = file.storyboard; path = MapView.storyboard; sourceTree = "<group>"; };
		C354069F2141910000FDA074 /* PlacesTable.storyboard */ = {isa = PBXFileReference; lastKnownFileType = file.storyboard; path = PlacesTable.storyboard; sourceTree = "<group>"; };
/* End PBXFileReference section */

/* Begin PBXFrameworksBuildPhase section */
		C354068221418AA300FDA074 /* Frameworks */ = {
			isa = PBXFrameworksBuildPhase;
			buildActionMask = 2147483647;
			files = (
			);
			runOnlyForDeploymentPostprocessing = 0;
		};
/* End PBXFrameworksBuildPhase section */

/* Begin PBXGroup section */
		C354067C21418AA300FDA074 = {
			isa = PBXGroup;
			children = (
				C354068721418AA300FDA074 /* Places 2 */,
				C354068621418AA300FDA074 /* Products */,
			);
			sourceTree = "<group>";
		};
		C354068621418AA300FDA074 /* Products */ = {
			isa = PBXGroup;
			children = (
				C354068521418AA300FDA074 /* Places 2.app */,
			);
			name = Products;
			sourceTree = "<group>";
		};
		C354068721418AA300FDA074 /* Places 2 */ = {
			isa = PBXGroup;
			children = (
				C354068821418AA400FDA074 /* AppDelegate.swift */,
				C354069A21418C8A00FDA074 /* View Controllers */,
				C354069E2141900000FDA074 /* StoryBoards */,
				C354069B21418C9F00FDA074 /* Resources */,
			);
			path = "Places 2";
			sourceTree = "<group>";
		};
		C354069A21418C8A00FDA074 /* View Controllers */ = {
			isa = PBXGroup;
			children = (
			);
			path = "View Controllers";
			sourceTree = "<group>";
		};
		C354069B21418C9F00FDA074 /* Resources */ = {
			isa = PBXGroup;
			children = (
				C354068F21418AAF00FDA074 /* Assets.xcassets */,
				C354069121418AAF00FDA074 /* LaunchScreen.storyboard */,
				C354069421418AAF00FDA074 /* Info.plist */,
			);
			path = Resources;
			sourceTree = "<group>";
		};
		C354069E2141900000FDA074 /* StoryBoards */ = {
			isa = PBXGroup;
			children = (
				C354069C21418FFB00FDA074 /* MapView.storyboard */,
				C354069F2141910000FDA074 /* PlacesTable.storyboard */,
				C354068C21418AA400FDA074 /* Main.storyboard */,
			);
			path = StoryBoards;
			sourceTree = "<group>";
		};
/* End PBXGroup section */

/* Begin PBXNativeTarget section */
		C354068421418AA300FDA074 /* Places 2 */ = {
			isa = PBXNativeTarget;
			buildConfigurationList = C354069721418AAF00FDA074 /* Build configuration list for PBXNativeTarget "Places 2" */;
			buildPhases = (
				C354068121418AA300FDA074 /* Sources */,
				C354068221418AA300FDA074 /* Frameworks */,
				C354068321418AA300FDA074 /* Resources */,
			);
			buildRules = (
			);
			dependencies = (
			);
			name = "Places 2";
			productName = "Places 2";
			productReference = C354068521418AA300FDA074 /* Places 2.app */;
			productType = "com.apple.product-type.application";
		};
/* End PBXNativeTarget section */

/* Begin PBXProject section */
		C354067D21418AA300FDA074 /* Project object */ = {
			isa = PBXProject;
			attributes = {
				LastSwiftUpdateCheck = 0940;
				LastUpgradeCheck = 0940;
				ORGANIZATIONNAME = "Jerrick Warren";
				TargetAttributes = {
					C354068421418AA300FDA074 = {
						CreatedOnToolsVersion = 9.4.1;
					};
				};
			};
			buildConfigurationList = C354068021418AA300FDA074 /* Build configuration list for PBXProject "Places 2" */;
			compatibilityVersion = "Xcode 9.3";
			developmentRegion = en;
			hasScannedForEncodings = 0;
			knownRegions = (
				en,
				Base,
			);
			mainGroup = C354067C21418AA300FDA074;
			productRefGroup = C354068621418AA300FDA074 /* Products */;
			projectDirPath = "";
			projectRoot = "";
			targets = (
				C354068421418AA300FDA074 /* Places 2 */,
			);
		};
/* End PBXProject section */

/* Begin PBXResourcesBuildPhase section */
		C354068321418AA300FDA074 /* Resources */ = {
			isa = PBXResourcesBuildPhase;
			buildActionMask = 2147483647;
			files = (
				C354069321418AAF00FDA074 /* LaunchScreen.storyboard in Resources */,
				C35406A02141910000FDA074 /* PlacesTable.storyboard in Resources */,
				C354069021418AAF00FDA074 /* Assets.xcassets in Resources */,
				C354069D21418FFB00FDA074 /* MapView.storyboard in Resources */,
				C354068E21418AA400FDA074 /* Main.storyboard in Resources */,
			);
			runOnlyForDeploymentPostprocessing = 0;
		};
/* End PBXResourcesBuildPhase section */

/* Begin PBXSourcesBuildPhase section */
		C354068121418AA300FDA074 /* Sources */ = {
			isa = PBXSourcesBuildPhase;
			buildActionMask = 2147483647;
			files = (
				C354068921418AA400FDA074 /* AppDelegate.swift in Sources */,
			);
			runOnlyForDeploymentPostprocessing = 0;
		};
/* End PBXSourcesBuildPhase section */

/* Begin PBXVariantGroup section */
		C354068C21418AA400FDA074 /* Main.storyboard */ = {
			isa = PBXVariantGroup;
			children = (
				C354068D21418AA400FDA074 /* Base */,
			);
			name = Main.storyboard;
			sourceTree = "<group>";
		};
		C354069121418AAF00FDA074 /* LaunchScreen.storyboard */ = {
			isa = PBXVariantGroup;
			children = (
				C354069221418AAF00FDA074 /* Base */,
			);
			name = LaunchScreen.storyboard;
			sourceTree = "<group>";
		};
/* End PBXVariantGroup section */

/* Begin XCBuildConfiguration section */
		C354069521418AAF00FDA074 /* Debug */ = {
			isa = XCBuildConfiguration;
			buildSettings = {
				ALWAYS_SEARCH_USER_PATHS = NO;
				CLANG_ANALYZER_NONNULL = YES;
				CLANG_ANALYZER_NUMBER_OBJECT_CONVERSION = YES_AGGRESSIVE;
				CLANG_CXX_LANGUAGE_STANDARD = "gnu++14";
				CLANG_CXX_LIBRARY = "libc++";
				CLANG_ENABLE_MODULES = YES;
				CLANG_ENABLE_OBJC_ARC = YES;
				CLANG_ENABLE_OBJC_WEAK = YES;
				CLANG_WARN_BLOCK_CAPTURE_AUTORELEASING = YES;
				CLANG_WARN_BOOL_CONVERSION = YES;
				CLANG_WARN_COMMA = YES;
				CLANG_WARN_CONSTANT_CONVERSION = YES;
				CLANG_WARN_DEPRECATED_OBJC_IMPLEMENTATIONS = YES;
				CLANG_WARN_DIRECT_OBJC_ISA_USAGE = YES_ERROR;
				CLANG_WARN_DOCUMENTATION_COMMENTS = YES;
				CLANG_WARN_EMPTY_BODY = YES;
				CLANG_WARN_ENUM_CONVERSION = YES;
				CLANG_WARN_INFINITE_RECURSION = YES;
				CLANG_WARN_INT_CONVERSION = YES;
				CLANG_WARN_NON_LITERAL_NULL_CONVERSION = YES;
				CLANG_WARN_OBJC_IMPLICIT_RETAIN_SELF = YES;
				CLANG_WARN_OBJC_LITERAL_CONVERSION = YES;
				CLANG_WARN_OBJC_ROOT_CLASS = YES_ERROR;
				CLANG_WARN_RANGE_LOOP_ANALYSIS = YES;
				CLANG_WARN_STRICT_PROTOTYPES = YES;
				CLANG_WARN_SUSPICIOUS_MOVE = YES;
				CLANG_WARN_UNGUARDED_AVAILABILITY = YES_AGGRESSIVE;
				CLANG_WARN_UNREACHABLE_CODE = YES;
				CLANG_WARN__DUPLICATE_METHOD_MATCH = YES;
				CODE_SIGN_IDENTITY = "iPhone Developer";
				COPY_PHASE_STRIP = NO;
				DEBUG_INFORMATION_FORMAT = dwarf;
				ENABLE_STRICT_OBJC_MSGSEND = YES;
				ENABLE_TESTABILITY = YES;
				GCC_C_LANGUAGE_STANDARD = gnu11;
				GCC_DYNAMIC_NO_PIC = NO;
				GCC_NO_COMMON_BLOCKS = YES;
				GCC_OPTIMIZATION_LEVEL = 0;
				GCC_PREPROCESSOR_DEFINITIONS = (
					"DEBUG=1",
					"$(inherited)",
				);
				GCC_WARN_64_TO_32_BIT_CONVERSION = YES;
				GCC_WARN_ABOUT_RETURN_TYPE = YES_ERROR;
				GCC_WARN_UNDECLARED_SELECTOR = YES;
				GCC_WARN_UNINITIALIZED_AUTOS = YES_AGGRESSIVE;
				GCC_WARN_UNUSED_FUNCTION = YES;
				GCC_WARN_UNUSED_VARIABLE = YES;
				IPHONEOS_DEPLOYMENT_TARGET = 11.4;
				MTL_ENABLE_DEBUG_INFO = YES;
				ONLY_ACTIVE_ARCH = YES;
				SDKROOT = iphoneos;
				SWIFT_ACTIVE_COMPILATION_CONDITIONS = DEBUG;
				SWIFT_OPTIMIZATION_LEVEL = "-Onone";
			};
			name = Debug;
		};
		C354069621418AAF00FDA074 /* Release */ = {
			isa = XCBuildConfiguration;
			buildSettings = {
				ALWAYS_SEARCH_USER_PATHS = NO;
				CLANG_ANALYZER_NONNULL = YES;
				CLANG_ANALYZER_NUMBER_OBJECT_CONVERSION = YES_AGGRESSIVE;
				CLANG_CXX_LANGUAGE_STANDARD = "gnu++14";
				CLANG_CXX_LIBRARY = "libc++";
				CLANG_ENABLE_MODULES = YES;
				CLANG_ENABLE_OBJC_ARC = YES;
				CLANG_ENABLE_OBJC_WEAK = YES;
				CLANG_WARN_BLOCK_CAPTURE_AUTORELEASING = YES;
				CLANG_WARN_BOOL_CONVERSION = YES;
				CLANG_WARN_COMMA = YES;
				CLANG_WARN_CONSTANT_CONVERSION = YES;
				CLANG_WARN_DEPRECATED_OBJC_IMPLEMENTATIONS = YES;
				CLANG_WARN_DIRECT_OBJC_ISA_USAGE = YES_ERROR;
				CLANG_WARN_DOCUMENTATION_COMMENTS = YES;
				CLANG_WARN_EMPTY_BODY = YES;
				CLANG_WARN_ENUM_CONVERSION = YES;
				CLANG_WARN_INFINITE_RECURSION = YES;
				CLANG_WARN_INT_CONVERSION = YES;
				CLANG_WARN_NON_LITERAL_NULL_CONVERSION = YES;
				CLANG_WARN_OBJC_IMPLICIT_RETAIN_SELF = YES;
				CLANG_WARN_OBJC_LITERAL_CONVERSION = YES;
				CLANG_WARN_OBJC_ROOT_CLASS = YES_ERROR;
				CLANG_WARN_RANGE_LOOP_ANALYSIS = YES;
				CLANG_WARN_STRICT_PROTOTYPES = YES;
				CLANG_WARN_SUSPICIOUS_MOVE = YES;
				CLANG_WARN_UNGUARDED_AVAILABILITY = YES_AGGRESSIVE;
				CLANG_WARN_UNREACHABLE_CODE = YES;
				CLANG_WARN__DUPLICATE_METHOD_MATCH = YES;
				CODE_SIGN_IDENTITY = "iPhone Developer";
				COPY_PHASE_STRIP = NO;
				DEBUG_INFORMATION_FORMAT = "dwarf-with-dsym";
				ENABLE_NS_ASSERTIONS = NO;
				ENABLE_STRICT_OBJC_MSGSEND = YES;
				GCC_C_LANGUAGE_STANDARD = gnu11;
				GCC_NO_COMMON_BLOCKS = YES;
				GCC_WARN_64_TO_32_BIT_CONVERSION = YES;
				GCC_WARN_ABOUT_RETURN_TYPE = YES_ERROR;
				GCC_WARN_UNDECLARED_SELECTOR = YES;
				GCC_WARN_UNINITIALIZED_AUTOS = YES_AGGRESSIVE;
				GCC_WARN_UNUSED_FUNCTION = YES;
				GCC_WARN_UNUSED_VARIABLE = YES;
				IPHONEOS_DEPLOYMENT_TARGET = 11.4;
				MTL_ENABLE_DEBUG_INFO = NO;
				SDKROOT = iphoneos;
				SWIFT_COMPILATION_MODE = wholemodule;
				SWIFT_OPTIMIZATION_LEVEL = "-O";
				VALIDATE_PRODUCT = YES;
			};
			name = Release;
		};
		C354069821418AAF00FDA074 /* Debug */ = {
			isa = XCBuildConfiguration;
			buildSettings = {
				ASSETCATALOG_COMPILER_APPICON_NAME = AppIcon;
				CODE_SIGN_STYLE = Automatic;
				DEVELOPMENT_TEAM = 7JG93VFG2G;
				INFOPLIST_FILE = "Places 2/Info.plist";
				LD_RUNPATH_SEARCH_PATHS = (
					"$(inherited)",
					"@executable_path/Frameworks",
				);
				PRODUCT_BUNDLE_IDENTIFIER = "com.JerrickWarren.Places-2";
				PRODUCT_NAME = "$(TARGET_NAME)";
				SWIFT_VERSION = 4.0;
				TARGETED_DEVICE_FAMILY = "1,2";
			};
			name = Debug;
		};
		C354069921418AAF00FDA074 /* Release */ = {
			isa = XCBuildConfiguration;
			buildSettings = {
				ASSETCATALOG_COMPILER_APPICON_NAME = AppIcon;
				CODE_SIGN_STYLE = Automatic;
				DEVELOPMENT_TEAM = 7JG93VFG2G;
				INFOPLIST_FILE = "Places 2/Info.plist";
				LD_RUNPATH_SEARCH_PATHS = (
					"$(inherited)",
					"@executable_path/Frameworks",
				);
				PRODUCT_BUNDLE_IDENTIFIER = "com.JerrickWarren.Places-2";
				PRODUCT_NAME = "$(TARGET_NAME)";
				SWIFT_VERSION = 4.0;
				TARGETED_DEVICE_FAMILY = "1,2";
			};
			name = Release;
		};
/* End XCBuildConfiguration section */

/* Begin XCConfigurationList section */
		C354068021418AA300FDA074 /* Build configuration list for PBXProject "Places 2" */ = {
			isa = XCConfigurationList;
			buildConfigurations = (
				C354069521418AAF00FDA074 /* Debug */,
				C354069621418AAF00FDA074 /* Release */,
			);
			defaultConfigurationIsVisible = 0;
			defaultConfigurationName = Release;
		};
		C354069721418AAF00FDA074 /* Build configuration list for PBXNativeTarget "Places 2" */ = {
			isa = XCConfigurationList;
			buildConfigurations = (
				C354069821418AAF00FDA074 /* Debug */,
				C354069921418AAF00FDA074 /* Release */,
			);
			defaultConfigurationIsVisible = 0;
			defaultConfigurationName = Release;
		};
/* End XCConfigurationList section */
	};
	rootObject = C354067D21418AA300FDA074 /* Project object */;
}
